
Microsoft Visual Studio Solution File, Format Version 12.00
# Visual Studio Version 16
VisualStudioVersion = 16.0.31727.386
MinimumVisualStudioVersion = 10.0.40219.1
Project("{FAE04EC0-301F-11D3-BF4B-00C04F79EFBC}") = "Online_school-library", "Online_school-library\Online_school-library.csproj", "{38715088-650D-403A-B452-C5DEA2E3AADF}"
EndProject
Project("{FAE04EC0-301F-11D3-BF4B-00C04F79EFBC}") = "view", "view\view.csproj", "{098753ED-35EE-4FF3-AB4C-2978CB5D2AE6}"
EndProject
Global
	GlobalSection(SolutionConfigurationPlatforms) = preSolution
		Debug|Any CPU = Debug|Any CPU
		Release|Any CPU = Release|Any CPU
	EndGlobalSection
	GlobalSection(ProjectConfigurationPlatforms) = postSolution
		{38715088-650D-403A-B452-C5DEA2E3AADF}.Debug|Any CPU.ActiveCfg = Debug|Any CPU
		{38715088-650D-403A-B452-C5DEA2E3AADF}.Debug|Any CPU.Build.0 = Debug|Any CPU
		{38715088-650D-403A-B452-C5DEA2E3AADF}.Release|Any CPU.ActiveCfg = Release|Any CPU
		{38715088-650D-403A-B452-C5DEA2E3AADF}.Release|Any CPU.Build.0 = Release|Any CPU
		{098753ED-35EE-4FF3-AB4C-2978CB5D2AE6}.Debug|Any CPU.ActiveCfg = Debug|Any CPU
		{098753ED-35EE-4FF3-AB4C-2978CB5D2AE6}.Debug|Any CPU.Build.0 = Debug|Any CPU
		{098753ED-35EE-4FF3-AB4C-2978CB5D2AE6}.Release|Any CPU.ActiveCfg = Release|Any CPU
		{098753ED-35EE-4FF3-AB4C-2978CB5D2AE6}.Release|Any CPU.Build.0 = Release|Any CPU
	EndGlobalSection
	GlobalSection(SolutionProperties) = preSolution
		HideSolutionNode = FALSE
	EndGlobalSection
	GlobalSection(ExtensibilityGlobals) = postSolution
		SolutionGuid = {FACE3886-8072-4E57-A22A-F3431EC1B9E3}
	EndGlobalSection
EndGlobal
